
Microsoft Visual Studio Solution File, Format Version 12.00
# Visual Studio Version 17
VisualStudioVersion = 17.2.32526.322
MinimumVisualStudioVersion = 10.0.40219.1
Project("{FAE04EC0-301F-11D3-BF4B-00C04F79EFBC}") = "Numbers", "Numbers\Numbers.csproj", "{04479803-5BC6-46A5-A692-D177BB25199E}"
EndProject
Global
	GlobalSection(SolutionConfigurationPlatforms) = preSolution
		Debug|Any CPU = Debug|Any CPU
		Release|Any CPU = Release|Any CPU
	EndGlobalSection
	GlobalSection(ProjectConfigurationPlatforms) = postSolution
		{04479803-5BC6-46A5-A692-D177BB25199E}.Debug|Any CPU.ActiveCfg = Debug|Any CPU
		{04479803-5BC6-46A5-A692-D177BB25199E}.Debug|Any CPU.Build.0 = Debug|Any CPU
		{04479803-5BC6-46A5-A692-D177BB25199E}.Release|Any CPU.ActiveCfg = Release|Any CPU
		{04479803-5BC6-46A5-A692-D177BB25199E}.Release|Any CPU.Build.0 = Release|Any CPU
	EndGlobalSection
	GlobalSection(SolutionProperties) = preSolution
		HideSolutionNode = FALSE
	EndGlobalSection
	GlobalSection(ExtensibilityGlobals) = postSolution
		SolutionGuid = {D5C44C4E-0402-41A8-A7A5-0C757CBF8060}
	EndGlobalSection
EndGlobal
